
Microsoft Visual Studio Solution File, Format Version 12.00
# Visual Studio Version 17
VisualStudioVersion = 17.0.31912.275
MinimumVisualStudioVersion = 10.0.40219.1
Project("{9A19103F-16F7-4668-BE54-9A1E7A4F7556}") = "01_CiteDemoBusinessLayer", "01_CiteDemoBL\01_CiteDemoBusinessLayer.csproj", "{7491B1D6-117A-4419-A591-06ACAF759D51}"
EndProject
Project("{9A19103F-16F7-4668-BE54-9A1E7A4F7556}") = "02_CiteDemoApi", "02_CiteDemoApi\02_CiteDemoApi.csproj", "{B8B264E8-36AF-4729-BF97-AB27638AAB2F}"
EndProject
Project("{FAE04EC0-301F-11D3-BF4B-00C04F79EFBC}") = "03_CiteDemoPresentationLayer", "03_CiteDemoPresentationLayer\03_CiteDemoPresentationLayer.csproj", "{5A47DAB3-719B-4D7A-A31E-F0E673F9C01E}"
EndProject
Global
	GlobalSection(SolutionConfigurationPlatforms) = preSolution
		Debug|Any CPU = Debug|Any CPU
		Release|Any CPU = Release|Any CPU
	EndGlobalSection
	GlobalSection(ProjectConfigurationPlatforms) = postSolution
		{7491B1D6-117A-4419-A591-06ACAF759D51}.Debug|Any CPU.ActiveCfg = Debug|Any CPU
		{7491B1D6-117A-4419-A591-06ACAF759D51}.Debug|Any CPU.Build.0 = Debug|Any CPU
		{7491B1D6-117A-4419-A591-06ACAF759D51}.Release|Any CPU.ActiveCfg = Release|Any CPU
		{7491B1D6-117A-4419-A591-06ACAF759D51}.Release|Any CPU.Build.0 = Release|Any CPU
		{B8B264E8-36AF-4729-BF97-AB27638AAB2F}.Debug|Any CPU.ActiveCfg = Debug|Any CPU
		{B8B264E8-36AF-4729-BF97-AB27638AAB2F}.Debug|Any CPU.Build.0 = Debug|Any CPU
		{B8B264E8-36AF-4729-BF97-AB27638AAB2F}.Release|Any CPU.ActiveCfg = Release|Any CPU
		{B8B264E8-36AF-4729-BF97-AB27638AAB2F}.Release|Any CPU.Build.0 = Release|Any CPU
		{5A47DAB3-719B-4D7A-A31E-F0E673F9C01E}.Debug|Any CPU.ActiveCfg = Debug|Any CPU
		{5A47DAB3-719B-4D7A-A31E-F0E673F9C01E}.Debug|Any CPU.Build.0 = Debug|Any CPU
		{5A47DAB3-719B-4D7A-A31E-F0E673F9C01E}.Release|Any CPU.ActiveCfg = Release|Any CPU
		{5A47DAB3-719B-4D7A-A31E-F0E673F9C01E}.Release|Any CPU.Build.0 = Release|Any CPU
	EndGlobalSection
	GlobalSection(SolutionProperties) = preSolution
		HideSolutionNode = FALSE
	EndGlobalSection
	GlobalSection(ExtensibilityGlobals) = postSolution
		SolutionGuid = {A02DD140-4A6E-47A2-BBF5-D55DA2B2102A}
	EndGlobalSection
EndGlobal
